// !$*UTF8*$!
{
	archiveVersion = 1;
	classes = {
	};
	objectVersion = 77;
	objects = {

/* Begin PBXBuildFile section */
		22AA8DF52D8C399500E3A66E /* SpeziLLM in Frameworks */ = {isa = PBXBuildFile; productRef = 22AA8DF42D8C399500E3A66E /* SpeziLLM */; };
		22AA8DF72D8C399500E3A66E /* SpeziLLMFog in Frameworks */ = {isa = PBXBuildFile; productRef = 22AA8DF62D8C399500E3A66E /* SpeziLLMFog */; };
		22AA8DF92D8C399500E3A66E /* SpeziLLMLocal in Frameworks */ = {isa = PBXBuildFile; productRef = 22AA8DF82D8C399500E3A66E /* SpeziLLMLocal */; };
		22AA8DFB2D8C399500E3A66E /* SpeziLLMLocalDownload in Frameworks */ = {isa = PBXBuildFile; productRef = 22AA8DFA2D8C399500E3A66E /* SpeziLLMLocalDownload */; };
		22AA8DFD2D8C399500E3A66E /* SpeziLLMOpenAI in Frameworks */ = {isa = PBXBuildFile; productRef = 22AA8DFC2D8C399500E3A66E /* SpeziLLMOpenAI */; };
/* End PBXBuildFile section */

/* Begin PBXContainerItemProxy section */
		221AC63F2D8C2F17003B373E /* PBXContainerItemProxy */ = {
			isa = PBXContainerItemProxy;
			containerPortal = 221AC6262D8C2F15003B373E /* Project object */;
			proxyType = 1;
			remoteGlobalIDString = 221AC62D2D8C2F16003B373E;
			remoteInfo = LocalLLM;
		};
		221AC6492D8C2F17003B373E /* PBXContainerItemProxy */ = {
			isa = PBXContainerItemProxy;
			containerPortal = 221AC6262D8C2F15003B373E /* Project object */;
			proxyType = 1;
			remoteGlobalIDString = 221AC62D2D8C2F16003B373E;
			remoteInfo = LocalLLM;
		};
/* End PBXContainerItemProxy section */

/* Begin PBXFileReference section */
		221AC62E2D8C2F16003B373E /* LocalLLM.app */ = {isa = PBXFileReference; explicitFileType = wrapper.application; includeInIndex = 0; path = LocalLLM.app; sourceTree = BUILT_PRODUCTS_DIR; };
		221AC63E2D8C2F17003B373E /* LocalLLMTests.xctest */ = {isa = PBXFileReference; explicitFileType = wrapper.cfbundle; includeInIndex = 0; path = LocalLLMTests.xctest; sourceTree = BUILT_PRODUCTS_DIR; };
		221AC6482D8C2F17003B373E /* LocalLLMUITests.xctest */ = {isa = PBXFileReference; explicitFileType = wrapper.cfbundle; includeInIndex = 0; path = LocalLLMUITests.xctest; sourceTree = BUILT_PRODUCTS_DIR; };
/* End PBXFileReference section */

/* Begin PBXFileSystemSynchronizedRootGroup section */
		221AC6302D8C2F16003B373E /* LocalLLM */ = {
			isa = PBXFileSystemSynchronizedRootGroup;
			path = LocalLLM;
			sourceTree = "<group>";
		};
		221AC6412D8C2F17003B373E /* LocalLLMTests */ = {
			isa = PBXFileSystemSynchronizedRootGroup;
			path = LocalLLMTests;
			sourceTree = "<group>";
		};
		221AC64B2D8C2F17003B373E /* LocalLLMUITests */ = {
			isa = PBXFileSystemSynchronizedRootGroup;
			path = LocalLLMUITests;
			sourceTree = "<group>";
		};
/* End PBXFileSystemSynchronizedRootGroup section */

/* Begin PBXFrameworksBuildPhase section */
		221AC62B2D8C2F16003B373E /* Frameworks */ = {
			isa = PBXFrameworksBuildPhase;
			buildActionMask = 2147483647;
			files = (
				22AA8DFB2D8C399500E3A66E /* SpeziLLMLocalDownload in Frameworks */,
				22AA8DF92D8C399500E3A66E /* SpeziLLMLocal in Frameworks */,
				22AA8DF52D8C399500E3A66E /* SpeziLLM in Frameworks */,
				22AA8DFD2D8C399500E3A66E /* SpeziLLMOpenAI in Frameworks */,
				22AA8DF72D8C399500E3A66E /* SpeziLLMFog in Frameworks */,
			);
			runOnlyForDeploymentPostprocessing = 0;
		};
		221AC63B2D8C2F17003B373E /* Frameworks */ = {
			isa = PBXFrameworksBuildPhase;
			buildActionMask = 2147483647;
			files = (
			);
			runOnlyForDeploymentPostprocessing = 0;
		};
		221AC6452D8C2F17003B373E /* Frameworks */ = {
			isa = PBXFrameworksBuildPhase;
			buildActionMask = 2147483647;
			files = (
			);
			runOnlyForDeploymentPostprocessing = 0;
		};
/* End PBXFrameworksBuildPhase section */

/* Begin PBXGroup section */
		221AC6252D8C2F15003B373E = {
			isa = PBXGroup;
			children = (
				221AC6302D8C2F16003B373E /* LocalLLM */,
				221AC6412D8C2F17003B373E /* LocalLLMTests */,
				221AC64B2D8C2F17003B373E /* LocalLLMUITests */,
				221AC62F2D8C2F16003B373E /* Products */,
			);
			sourceTree = "<group>";
		};
		221AC62F2D8C2F16003B373E /* Products */ = {
			isa = PBXGroup;
			children = (
				221AC62E2D8C2F16003B373E /* LocalLLM.app */,
				221AC63E2D8C2F17003B373E /* LocalLLMTests.xctest */,
				221AC6482D8C2F17003B373E /* LocalLLMUITests.xctest */,
			);
			name = Products;
			sourceTree = "<group>";
		};
/* End PBXGroup section */

/* Begin PBXNativeTarget section */
		221AC62D2D8C2F16003B373E /* LocalLLM */ = {
			isa = PBXNativeTarget;
			buildConfigurationList = 221AC6522D8C2F17003B373E /* Build configuration list for PBXNativeTarget "LocalLLM" */;
			buildPhases = (
				221AC62A2D8C2F16003B373E /* Sources */,
				221AC62B2D8C2F16003B373E /* Frameworks */,
				221AC62C2D8C2F16003B373E /* Resources */,
			);
			buildRules = (
			);
			dependencies = (
			);
			fileSystemSynchronizedGroups = (
				221AC6302D8C2F16003B373E /* LocalLLM */,
			);
			name = LocalLLM;
			packageProductDependencies = (
				22AA8DF42D8C399500E3A66E /* SpeziLLM */,
				22AA8DF62D8C399500E3A66E /* SpeziLLMFog */,
				22AA8DF82D8C399500E3A66E /* SpeziLLMLocal */,
				22AA8DFA2D8C399500E3A66E /* SpeziLLMLocalDownload */,
				22AA8DFC2D8C399500E3A66E /* SpeziLLMOpenAI */,
			);
			productName = LocalLLM;
			productReference = 221AC62E2D8C2F16003B373E /* LocalLLM.app */;
			productType = "com.apple.product-type.application";
		};
		221AC63D2D8C2F17003B373E /* LocalLLMTests */ = {
			isa = PBXNativeTarget;
			buildConfigurationList = 221AC6552D8C2F17003B373E /* Build configuration list for PBXNativeTarget "LocalLLMTests" */;
			buildPhases = (
				221AC63A2D8C2F17003B373E /* Sources */,
				221AC63B2D8C2F17003B373E /* Frameworks */,
				221AC63C2D8C2F17003B373E /* Resources */,
			);
			buildRules = (
			);
			dependencies = (
				221AC6402D8C2F17003B373E /* PBXTargetDependency */,
			);
			fileSystemSynchronizedGroups = (
				221AC6412D8C2F17003B373E /* LocalLLMTests */,
			);
			name = LocalLLMTests;
			packageProductDependencies = (
			);
			productName = LocalLLMTests;
			productReference = 221AC63E2D8C2F17003B373E /* LocalLLMTests.xctest */;
			productType = "com.apple.product-type.bundle.unit-test";
		};
		221AC6472D8C2F17003B373E /* LocalLLMUITests */ = {
			isa = PBXNativeTarget;
			buildConfigurationList = 221AC6582D8C2F17003B373E /* Build configuration list for PBXNativeTarget "LocalLLMUITests" */;
			buildPhases = (
				221AC6442D8C2F17003B373E /* Sources */,
				221AC6452D8C2F17003B373E /* Frameworks */,
				221AC6462D8C2F17003B373E /* Resources */,
			);
			buildRules = (
			);
			dependencies = (
				221AC64A2D8C2F17003B373E /* PBXTargetDependency */,
			);
			fileSystemSynchronizedGroups = (
				221AC64B2D8C2F17003B373E /* LocalLLMUITests */,
			);
			name = LocalLLMUITests;
			packageProductDependencies = (
			);
			productName = LocalLLMUITests;
			productReference = 221AC6482D8C2F17003B373E /* LocalLLMUITests.xctest */;
			productType = "com.apple.product-type.bundle.ui-testing";
		};
/* End PBXNativeTarget section */

/* Begin PBXProject section */
		221AC6262D8C2F15003B373E /* Project object */ = {
			isa = PBXProject;
			attributes = {
				BuildIndependentTargetsInParallel = 1;
				LastSwiftUpdateCheck = 1620;
				LastUpgradeCheck = 1620;
				TargetAttributes = {
					221AC62D2D8C2F16003B373E = {
						CreatedOnToolsVersion = 16.2;
					};
					221AC63D2D8C2F17003B373E = {
						CreatedOnToolsVersion = 16.2;
						TestTargetID = 221AC62D2D8C2F16003B373E;
					};
					221AC6472D8C2F17003B373E = {
						CreatedOnToolsVersion = 16.2;
						TestTargetID = 221AC62D2D8C2F16003B373E;
					};
				};
			};
			buildConfigurationList = 221AC6292D8C2F15003B373E /* Build configuration list for PBXProject "LocalLLM" */;
			developmentRegion = en;
			hasScannedForEncodings = 0;
			knownRegions = (
				en,
				Base,
			);
			mainGroup = 221AC6252D8C2F15003B373E;
			minimizedProjectReferenceProxies = 1;
			packageReferences = (
				22AA8DF32D8C399500E3A66E /* XCRemoteSwiftPackageReference "SpeziLLM" */,
			);
			preferredProjectObjectVersion = 77;
			productRefGroup = 221AC62F2D8C2F16003B373E /* Products */;
			projectDirPath = "";
			projectRoot = "";
			targets = (
				221AC62D2D8C2F16003B373E /* LocalLLM */,
				221AC63D2D8C2F17003B373E /* LocalLLMTests */,
				221AC6472D8C2F17003B373E /* LocalLLMUITests */,
			);
		};
/* End PBXProject section */

/* Begin PBXResourcesBuildPhase section */
		221AC62C2D8C2F16003B373E /* Resources */ = {
			isa = PBXResourcesBuildPhase;
			buildActionMask = 2147483647;
			files = (
			);
			runOnlyForDeploymentPostprocessing = 0;
		};
		221AC63C2D8C2F17003B373E /* Resources */ = {
			isa = PBXResourcesBuildPhase;
			buildActionMask = 2147483647;
			files = (
			);
			runOnlyForDeploymentPostprocessing = 0;
		};
		221AC6462D8C2F17003B373E /* Resources */ = {
			isa = PBXResourcesBuildPhase;
			buildActionMask = 2147483647;
			files = (
			);
			runOnlyForDeploymentPostprocessing = 0;
		};
/* End PBXResourcesBuildPhase section */

/* Begin PBXSourcesBuildPhase section */
		221AC62A2D8C2F16003B373E /* Sources */ = {
			isa = PBXSourcesBuildPhase;
			buildActionMask = 2147483647;
			files = (
			);
			runOnlyForDeploymentPostprocessing = 0;
		};
		221AC63A2D8C2F17003B373E /* Sources */ = {
			isa = PBXSourcesBuildPhase;
			buildActionMask = 2147483647;
			files = (
			);
			runOnlyForDeploymentPostprocessing = 0;
		};
		221AC6442D8C2F17003B373E /* Sources */ = {
			isa = PBXSourcesBuildPhase;
			buildActionMask = 2147483647;
			files = (
			);
			runOnlyForDeploymentPostprocessing = 0;
		};
/* End PBXSourcesBuildPhase section */

/* Begin PBXTargetDependency section */
		221AC6402D8C2F17003B373E /* PBXTargetDependency */ = {
			isa = PBXTargetDependency;
			target = 221AC62D2D8C2F16003B373E /* LocalLLM */;
			targetProxy = 221AC63F2D8C2F17003B373E /* PBXContainerItemProxy */;
		};
		221AC64A2D8C2F17003B373E /* PBXTargetDependency */ = {
			isa = PBXTargetDependency;
			target = 221AC62D2D8C2F16003B373E /* LocalLLM */;
			targetProxy = 221AC6492D8C2F17003B373E /* PBXContainerItemProxy */;
		};
/* End PBXTargetDependency section */

/* Begin XCBuildConfiguration section */
		221AC6502D8C2F17003B373E /* Debug */ = {
			isa = XCBuildConfiguration;
			buildSettings = {
				ALWAYS_SEARCH_USER_PATHS = NO;
				ASSETCATALOG_COMPILER_GENERATE_SWIFT_ASSET_SYMBOL_EXTENSIONS = YES;
				CLANG_ANALYZER_NONNULL = YES;
				CLANG_ANALYZER_NUMBER_OBJECT_CONVERSION = YES_AGGRESSIVE;
				CLANG_CXX_LANGUAGE_STANDARD = "gnu++20";
				CLANG_ENABLE_MODULES = YES;
				CLANG_ENABLE_OBJC_ARC = YES;
				CLANG_ENABLE_OBJC_WEAK = YES;
				CLANG_WARN_BLOCK_CAPTURE_AUTORELEASING = YES;
				CLANG_WARN_BOOL_CONVERSION = YES;
				CLANG_WARN_COMMA = YES;
				CLANG_WARN_CONSTANT_CONVERSION = YES;
				CLANG_WARN_DEPRECATED_OBJC_IMPLEMENTATIONS = YES;
				CLANG_WARN_DIRECT_OBJC_ISA_USAGE = YES_ERROR;
				CLANG_WARN_DOCUMENTATION_COMMENTS = YES;
				CLANG_WARN_EMPTY_BODY = YES;
				CLANG_WARN_ENUM_CONVERSION = YES;
				CLANG_WARN_INFINITE_RECURSION = YES;
				CLANG_WARN_INT_CONVERSION = YES;
				CLANG_WARN_NON_LITERAL_NULL_CONVERSION = YES;
				CLANG_WARN_OBJC_IMPLICIT_RETAIN_SELF = YES;
				CLANG_WARN_OBJC_LITERAL_CONVERSION = YES;
				CLANG_WARN_OBJC_ROOT_CLASS = YES_ERROR;
				CLANG_WARN_QUOTED_INCLUDE_IN_FRAMEWORK_HEADER = YES;
				CLANG_WARN_RANGE_LOOP_ANALYSIS = YES;
				CLANG_WARN_STRICT_PROTOTYPES = YES;
				CLANG_WARN_SUSPICIOUS_MOVE = YES;
				CLANG_WARN_UNGUARDED_AVAILABILITY = YES_AGGRESSIVE;
				CLANG_WARN_UNREACHABLE_CODE = YES;
				CLANG_WARN__DUPLICATE_METHOD_MATCH = YES;
				COPY_PHASE_STRIP = NO;
				DEBUG_INFORMATION_FORMAT = dwarf;
				ENABLE_STRICT_OBJC_MSGSEND = YES;
				ENABLE_TESTABILITY = YES;
				ENABLE_USER_SCRIPT_SANDBOXING = YES;
				GCC_C_LANGUAGE_STANDARD = gnu17;
				GCC_DYNAMIC_NO_PIC = NO;
				GCC_NO_COMMON_BLOCKS = YES;
				GCC_OPTIMIZATION_LEVEL = 0;
				GCC_PREPROCESSOR_DEFINITIONS = (
					"DEBUG=1",
					"$(inherited)",
				);
				GCC_WARN_64_TO_32_BIT_CONVERSION = YES;
				GCC_WARN_ABOUT_RETURN_TYPE = YES_ERROR;
				GCC_WARN_UNDECLARED_SELECTOR = YES;
				GCC_WARN_UNINITIALIZED_AUTOS = YES_AGGRESSIVE;
				GCC_WARN_UNUSED_FUNCTION = YES;
				GCC_WARN_UNUSED_VARIABLE = YES;
				IPHONEOS_DEPLOYMENT_TARGET = 18.2;
				LOCALIZATION_PREFERS_STRING_CATALOGS = YES;
				MTL_ENABLE_DEBUG_INFO = INCLUDE_SOURCE;
				MTL_FAST_MATH = YES;
				ONLY_ACTIVE_ARCH = YES;
				SDKROOT = iphoneos;
				SWIFT_ACTIVE_COMPILATION_CONDITIONS = "DEBUG $(inherited)";
				SWIFT_OPTIMIZATION_LEVEL = "-Onone";
			};
			name = Debug;
		};
		221AC6512D8C2F17003B373E /* Release */ = {
			isa = XCBuildConfiguration;
			buildSettings = {
				ALWAYS_SEARCH_USER_PATHS = NO;
				ASSETCATALOG_COMPILER_GENERATE_SWIFT_ASSET_SYMBOL_EXTENSIONS = YES;
				CLANG_ANALYZER_NONNULL = YES;
				CLANG_ANALYZER_NUMBER_OBJECT_CONVERSION = YES_AGGRESSIVE;
				CLANG_CXX_LANGUAGE_STANDARD = "gnu++20";
				CLANG_ENABLE_MODULES = YES;
				CLANG_ENABLE_OBJC_ARC = YES;
				CLANG_ENABLE_OBJC_WEAK = YES;
				CLANG_WARN_BLOCK_CAPTURE_AUTORELEASING = YES;
				CLANG_WARN_BOOL_CONVERSION = YES;
				CLANG_WARN_COMMA = YES;
				CLANG_WARN_CONSTANT_CONVERSION = YES;
				CLANG_WARN_DEPRECATED_OBJC_IMPLEMENTATIONS = YES;
				CLANG_WARN_DIRECT_OBJC_ISA_USAGE = YES_ERROR;
				CLANG_WARN_DOCUMENTATION_COMMENTS = YES;
				CLANG_WARN_EMPTY_BODY = YES;
				CLANG_WARN_ENUM_CONVERSION = YES;
				CLANG_WARN_INFINITE_RECURSION = YES;
				CLANG_WARN_INT_CONVERSION = YES;
				CLANG_WARN_NON_LITERAL_NULL_CONVERSION = YES;
				CLANG_WARN_OBJC_IMPLICIT_RETAIN_SELF = YES;
				CLANG_WARN_OBJC_LITERAL_CONVERSION = YES;
				CLANG_WARN_OBJC_ROOT_CLASS = YES_ERROR;
				CLANG_WARN_QUOTED_INCLUDE_IN_FRAMEWORK_HEADER = YES;
				CLANG_WARN_RANGE_LOOP_ANALYSIS = YES;
				CLANG_WARN_STRICT_PROTOTYPES = YES;
				CLANG_WARN_SUSPICIOUS_MOVE = YES;
				CLANG_WARN_UNGUARDED_AVAILABILITY = YES_AGGRESSIVE;
				CLANG_WARN_UNREACHABLE_CODE = YES;
				CLANG_WARN__DUPLICATE_METHOD_MATCH = YES;
				COPY_PHASE_STRIP = NO;
				DEBUG_INFORMATION_FORMAT = "dwarf-with-dsym";
				ENABLE_NS_ASSERTIONS = NO;
				ENABLE_STRICT_OBJC_MSGSEND = YES;
				ENABLE_USER_SCRIPT_SANDBOXING = YES;
				GCC_C_LANGUAGE_STANDARD = gnu17;
				GCC_NO_COMMON_BLOCKS = YES;
				GCC_WARN_64_TO_32_BIT_CONVERSION = YES;
				GCC_WARN_ABOUT_RETURN_TYPE = YES_ERROR;
				GCC_WARN_UNDECLARED_SELECTOR = YES;
				GCC_WARN_UNINITIALIZED_AUTOS = YES_AGGRESSIVE;
				GCC_WARN_UNUSED_FUNCTION = YES;
				GCC_WARN_UNUSED_VARIABLE = YES;
				IPHONEOS_DEPLOYMENT_TARGET = 18.2;
				LOCALIZATION_PREFERS_STRING_CATALOGS = YES;
				MTL_ENABLE_DEBUG_INFO = NO;
				MTL_FAST_MATH = YES;
				SDKROOT = iphoneos;
				SWIFT_COMPILATION_MODE = wholemodule;
				VALIDATE_PRODUCT = YES;
			};
			name = Release;
		};
		221AC6532D8C2F17003B373E /* Debug */ = {
			isa = XCBuildConfiguration;
			buildSettings = {
				ASSETCATALOG_COMPILER_APPICON_NAME = AppIcon;
				ASSETCATALOG_COMPILER_GLOBAL_ACCENT_COLOR_NAME = AccentColor;
				CODE_SIGN_STYLE = Automatic;
				CURRENT_PROJECT_VERSION = 1;
				DEVELOPMENT_ASSET_PATHS = "\"LocalLLM/Preview Content\"";
				DEVELOPMENT_TEAM = 49KB52DC26;
				ENABLE_PREVIEWS = YES;
				GENERATE_INFOPLIST_FILE = YES;
				INFOPLIST_KEY_UIApplicationSceneManifest_Generation = YES;
				INFOPLIST_KEY_UIApplicationSupportsIndirectInputEvents = YES;
				INFOPLIST_KEY_UILaunchScreen_Generation = YES;
				INFOPLIST_KEY_UISupportedInterfaceOrientations_iPad = "UIInterfaceOrientationPortrait UIInterfaceOrientationPortraitUpsideDown UIInterfaceOrientationLandscapeLeft UIInterfaceOrientationLandscapeRight";
				INFOPLIST_KEY_UISupportedInterfaceOrientations_iPhone = "UIInterfaceOrientationPortrait UIInterfaceOrientationLandscapeLeft UIInterfaceOrientationLandscapeRight";
				LD_RUNPATH_SEARCH_PATHS = (
					"$(inherited)",
					"@executable_path/Frameworks",
				);
				MARKETING_VERSION = 1.0;
				PRODUCT_BUNDLE_IDENTIFIER = com.wizguild.LocalLLM;
				PRODUCT_NAME = "$(TARGET_NAME)";
				SWIFT_EMIT_LOC_STRINGS = YES;
				SWIFT_VERSION = 5.0;
				TARGETED_DEVICE_FAMILY = "1,2";
			};
			name = Debug;
		};
		221AC6542D8C2F17003B373E /* Release */ = {
			isa = XCBuildConfiguration;
			buildSettings = {
				ASSETCATALOG_COMPILER_APPICON_NAME = AppIcon;
				ASSETCATALOG_COMPILER_GLOBAL_ACCENT_COLOR_NAME = AccentColor;
				CODE_SIGN_STYLE = Automatic;
				CURRENT_PROJECT_VERSION = 1;
				DEVELOPMENT_ASSET_PATHS = "\"LocalLLM/Preview Content\"";
				DEVELOPMENT_TEAM = 49KB52DC26;
				ENABLE_PREVIEWS = YES;
				GENERATE_INFOPLIST_FILE = YES;
				INFOPLIST_KEY_UIApplicationSceneManifest_Generation = YES;
				INFOPLIST_KEY_UIApplicationSupportsIndirectInputEvents = YES;
				INFOPLIST_KEY_UILaunchScreen_Generation = YES;
				INFOPLIST_KEY_UISupportedInterfaceOrientations_iPad = "UIInterfaceOrientationPortrait UIInterfaceOrientationPortraitUpsideDown UIInterfaceOrientationLandscapeLeft UIInterfaceOrientationLandscapeRight";
				INFOPLIST_KEY_UISupportedInterfaceOrientations_iPhone = "UIInterfaceOrientationPortrait UIInterfaceOrientationLandscapeLeft UIInterfaceOrientationLandscapeRight";
				LD_RUNPATH_SEARCH_PATHS = (
					"$(inherited)",
					"@executable_path/Frameworks",
				);
				MARKETING_VERSION = 1.0;
				PRODUCT_BUNDLE_IDENTIFIER = com.wizguild.LocalLLM;
				PRODUCT_NAME = "$(TARGET_NAME)";
				SWIFT_EMIT_LOC_STRINGS = YES;
				SWIFT_VERSION = 5.0;
				TARGETED_DEVICE_FAMILY = "1,2";
			};
			name = Release;
		};
		221AC6562D8C2F17003B373E /* Debug */ = {
			isa = XCBuildConfiguration;
			buildSettings = {
				BUNDLE_LOADER = "$(TEST_HOST)";
				CODE_SIGN_STYLE = Automatic;
				CURRENT_PROJECT_VERSION = 1;
				DEVELOPMENT_TEAM = 49KB52DC26;
				GENERATE_INFOPLIST_FILE = YES;
				IPHONEOS_DEPLOYMENT_TARGET = 18.2;
				MARKETING_VERSION = 1.0;
				PRODUCT_BUNDLE_IDENTIFIER = com.wizguild.LocalLLMTests;
				PRODUCT_NAME = "$(TARGET_NAME)";
				SWIFT_EMIT_LOC_STRINGS = NO;
				SWIFT_VERSION = 5.0;
				TARGETED_DEVICE_FAMILY = "1,2";
				TEST_HOST = "$(BUILT_PRODUCTS_DIR)/LocalLLM.app/$(BUNDLE_EXECUTABLE_FOLDER_PATH)/LocalLLM";
			};
			name = Debug;
		};
		221AC6572D8C2F17003B373E /* Release */ = {
			isa = XCBuildConfiguration;
			buildSettings = {
				BUNDLE_LOADER = "$(TEST_HOST)";
				CODE_SIGN_STYLE = Automatic;
				CURRENT_PROJECT_VERSION = 1;
				DEVELOPMENT_TEAM = 49KB52DC26;
				GENERATE_INFOPLIST_FILE = YES;
				IPHONEOS_DEPLOYMENT_TARGET = 18.2;
				MARKETING_VERSION = 1.0;
				PRODUCT_BUNDLE_IDENTIFIER = com.wizguild.LocalLLMTests;
				PRODUCT_NAME = "$(TARGET_NAME)";
				SWIFT_EMIT_LOC_STRINGS = NO;
				SWIFT_VERSION = 5.0;
				TARGETED_DEVICE_FAMILY = "1,2";
				TEST_HOST = "$(BUILT_PRODUCTS_DIR)/LocalLLM.app/$(BUNDLE_EXECUTABLE_FOLDER_PATH)/LocalLLM";
			};
			name = Release;
		};
		221AC6592D8C2F17003B373E /* Debug */ = {
			isa = XCBuildConfiguration;
			buildSettings = {
				CODE_SIGN_STYLE = Automatic;
				CURRENT_PROJECT_VERSION = 1;
				DEVELOPMENT_TEAM = 49KB52DC26;
				GENERATE_INFOPLIST_FILE = YES;
				MARKETING_VERSION = 1.0;
				PRODUCT_BUNDLE_IDENTIFIER = com.wizguild.LocalLLMUITests;
				PRODUCT_NAME = "$(TARGET_NAME)";
				SWIFT_EMIT_LOC_STRINGS = NO;
				SWIFT_VERSION = 5.0;
				TARGETED_DEVICE_FAMILY = "1,2";
				TEST_TARGET_NAME = LocalLLM;
			};
			name = Debug;
		};
		221AC65A2D8C2F17003B373E /* Release */ = {
			isa = XCBuildConfiguration;
			buildSettings = {
				CODE_SIGN_STYLE = Automatic;
				CURRENT_PROJECT_VERSION = 1;
				DEVELOPMENT_TEAM = 49KB52DC26;
				GENERATE_INFOPLIST_FILE = YES;
				MARKETING_VERSION = 1.0;
				PRODUCT_BUNDLE_IDENTIFIER = com.wizguild.LocalLLMUITests;
				PRODUCT_NAME = "$(TARGET_NAME)";
				SWIFT_EMIT_LOC_STRINGS = NO;
				SWIFT_VERSION = 5.0;
				TARGETED_DEVICE_FAMILY = "1,2";
				TEST_TARGET_NAME = LocalLLM;
			};
			name = Release;
		};
/* End XCBuildConfiguration section */

/* Begin XCConfigurationList section */
		221AC6292D8C2F15003B373E /* Build configuration list for PBXProject "LocalLLM" */ = {
			isa = XCConfigurationList;
			buildConfigurations = (
				221AC6502D8C2F17003B373E /* Debug */,
				221AC6512D8C2F17003B373E /* Release */,
			);
			defaultConfigurationIsVisible = 0;
			defaultConfigurationName = Release;
		};
		221AC6522D8C2F17003B373E /* Build configuration list for PBXNativeTarget "LocalLLM" */ = {
			isa = XCConfigurationList;
			buildConfigurations = (
				221AC6532D8C2F17003B373E /* Debug */,
				221AC6542D8C2F17003B373E /* Release */,
			);
			defaultConfigurationIsVisible = 0;
			defaultConfigurationName = Release;
		};
		221AC6552D8C2F17003B373E /* Build configuration list for PBXNativeTarget "LocalLLMTests" */ = {
			isa = XCConfigurationList;
			buildConfigurations = (
				221AC6562D8C2F17003B373E /* Debug */,
				221AC6572D8C2F17003B373E /* Release */,
			);
			defaultConfigurationIsVisible = 0;
			defaultConfigurationName = Release;
		};
		221AC6582D8C2F17003B373E /* Build configuration list for PBXNativeTarget "LocalLLMUITests" */ = {
			isa = XCConfigurationList;
			buildConfigurations = (
				221AC6592D8C2F17003B373E /* Debug */,
				221AC65A2D8C2F17003B373E /* Release */,
			);
			defaultConfigurationIsVisible = 0;
			defaultConfigurationName = Release;
		};
/* End XCConfigurationList section */

/* Begin XCRemoteSwiftPackageReference section */
		22AA8DF32D8C399500E3A66E /* XCRemoteSwiftPackageReference "SpeziLLM" */ = {
			isa = XCRemoteSwiftPackageReference;
			repositoryURL = "https://github.com/StanfordSpezi/SpeziLLM";
			requirement = {
				branch = main;
				kind = branch;
			};
		};
/* End XCRemoteSwiftPackageReference section */

/* Begin XCSwiftPackageProductDependency section */
		22AA8DF42D8C399500E3A66E /* SpeziLLM */ = {
			isa = XCSwiftPackageProductDependency;
			package = 22AA8DF32D8C399500E3A66E /* XCRemoteSwiftPackageReference "SpeziLLM" */;
			productName = SpeziLLM;
		};
		22AA8DF62D8C399500E3A66E /* SpeziLLMFog */ = {
			isa = XCSwiftPackageProductDependency;
			package = 22AA8DF32D8C399500E3A66E /* XCRemoteSwiftPackageReference "SpeziLLM" */;
			productName = SpeziLLMFog;
		};
		22AA8DF82D8C399500E3A66E /* SpeziLLMLocal */ = {
			isa = XCSwiftPackageProductDependency;
			package = 22AA8DF32D8C399500E3A66E /* XCRemoteSwiftPackageReference "SpeziLLM" */;
			productName = SpeziLLMLocal;
		};
		22AA8DFA2D8C399500E3A66E /* SpeziLLMLocalDownload */ = {
			isa = XCSwiftPackageProductDependency;
			package = 22AA8DF32D8C399500E3A66E /* XCRemoteSwiftPackageReference "SpeziLLM" */;
			productName = SpeziLLMLocalDownload;
		};
		22AA8DFC2D8C399500E3A66E /* SpeziLLMOpenAI */ = {
			isa = XCSwiftPackageProductDependency;
			package = 22AA8DF32D8C399500E3A66E /* XCRemoteSwiftPackageReference "SpeziLLM" */;
			productName = SpeziLLMOpenAI;
		};
/* End XCSwiftPackageProductDependency section */
	};
	rootObject = 221AC6262D8C2F15003B373E /* Project object */;
}
